{
  "name": "monkey-island-website",
  "version": "0.0.0",
  "lockfileVersion": 3,
  "requires": true,
  "packages": {
    "": {
      "name": "monkey-island-website",
      "version": "0.0.0",
      "dependencies": {
        "@incy/link-encoder": "1.0.1"
      },
      "engines": {
        "node": ">=18"
      }
    },
    "node_modules/@incy/link-encoder": {
      "version": "1.0.1",
      "resolved": "https://registry.npmjs.org/@incy/link-encoder/-/link-encoder-1.0.1.tgz",
      "integrity": "sha512-YIzvMv9JpIbN4SOk2BC6QhawmG+4A1Y5kWwiS2Gx8Lxp6ol8yp80Y2mXTFr2y6Yhx0LF4Px748pWsY79VRbZ6A==",
      "license": "MIT",
      "engines": {
        "node": ">=18"
      }
    }
  }
}
